
Microsoft Visual Studio Solution File, Format Version 12.00
# Visual Studio 15
VisualStudioVersion = 15.0.28307.136
MinimumVisualStudioVersion = 10.0.40219.1
Project("{FAE04EC0-301F-11D3-BF4B-00C04F79EFBC}") = "cimri", "cimri\cimri.csproj", "{28280203-EEFD-4CC4-A3FF-0709BC58DB74}"
EndProject
Global
	GlobalSection(SolutionConfigurationPlatforms) = preSolution
		Debug|Any CPU = Debug|Any CPU
		Release|Any CPU = Release|Any CPU
	EndGlobalSection
	GlobalSection(ProjectConfigurationPlatforms) = postSolution
		{28280203-EEFD-4CC4-A3FF-0709BC58DB74}.Debug|Any CPU.ActiveCfg = Debug|Any CPU
		{28280203-EEFD-4CC4-A3FF-0709BC58DB74}.Debug|Any CPU.Build.0 = Debug|Any CPU
		{28280203-EEFD-4CC4-A3FF-0709BC58DB74}.Release|Any CPU.ActiveCfg = Release|Any CPU
		{28280203-EEFD-4CC4-A3FF-0709BC58DB74}.Release|Any CPU.Build.0 = Release|Any CPU
	EndGlobalSection
	GlobalSection(SolutionProperties) = preSolution
		HideSolutionNode = FALSE
	EndGlobalSection
	GlobalSection(ExtensibilityGlobals) = postSolution
		SolutionGuid = {BE74AB3D-E24C-4730-80B3-1E83A47CAD07}
	EndGlobalSection
EndGlobal
